{
  "originHash" : "df73e2f3f141ae8bbe19ef75e88e15a5829a96c786f278b097bcece5e37d9cac",
  "pins" : [
    {
      "identity" : "swift-essentials",
      "kind" : "remoteSourceControl",
      "location" : "https://github.com/lumoscompany/swift-essentials",
      "state" : {
        "revision" : "8b545ef68059b2c2c82dbe688ede1794308629ac",
        "version" : "0.0.18"
      }
    },
    {
      "identity" : "swift-log",
      "kind" : "remoteSourceControl",
      "location" : "https://github.com/apple/swift-log",
      "state" : {
        "revision" : "9cb486020ebf03bfa5b5df985387a14a98744537",
        "version" : "1.6.1"
      }
    }
  ],
  "version" : 3
}
