{
  "originHash" : "fa99e41162f1bb638c87b6c778541de649c6cec3cf81b492fb78039ad74daeda",
  "pins" : [
    {
      "identity" : "swift-essentials",
      "kind" : "remoteSourceControl",
      "location" : "https://github.com/lumoscompany/swift-essentials",
      "state" : {
        "revision" : "65ba665a9efff09521ecc4f429badbfb070db301",
        "version" : "0.0.22"
      }
    },
    {
      "identity" : "swift-log",
      "kind" : "remoteSourceControl",
      "location" : "https://github.com/apple/swift-log",
      "state" : {
        "revision" : "9cb486020ebf03bfa5b5df985387a14a98744537",
        "version" : "1.6.1"
      }
    }
  ],
  "version" : 3
}
